github.com/koron-go/prefixw v1.0.0 h1:p7OC1ffZ/z+Miz0j/Ddt4fVYr8g4W9BKWkViAZ+1LmI=
github.com/koron-go/prefixw v1.0.0/go.mod h1:WZvD0yrbCrkJD23tq03BhCu1ucn5ZenktcXt39QbPyk=
github.com/mattn/go-isatty v0.0.12 h1:wuysRhFDzyxgEmMf5xjvJ2M9dZoWAXNNr5LSBS7uHXY=
github.com/mattn/go-isatty v0.0.12/go.mod h1:cbi8OIDigv2wuxKPP5vlRcQ1OAZbq2CE4Kysco4FUpU=
golang.org/x/sys v0.0.0-20200116001909-b77594299b42 h1:vEOn+mP2zCOVzKckCZy6YsCtDblrpj/w7B9nxGNELpg=
golang.org/x/sys v0.0.0-20200116001909-b77594299b42/go.mod h1:h1NjWce9XRLGQEsW7wpKNCjG9DtNlClVuFLEZdDNbEs=
